
Microsoft Visual Studio Solution File, Format Version 12.00
# Visual Studio Version 16
VisualStudioVersion = 16.6.30114.105
MinimumVisualStudioVersion = 10.0.40219.1
Project("{FAE04EC0-301F-11D3-BF4B-00C04F79EFBC}") = "TravelManagement", "TravelManagement\TravelManagement.csproj", "{0A76D0D6-2786-46CF-AD1F-411488363D5E}"
EndProject
Project("{FAE04EC0-301F-11D3-BF4B-00C04F79EFBC}") = "TravelManagement.Migration", "TravelManagement.Migration\TravelManagement.Migration.csproj", "{305BDCC2-E5D3-4B58-B5B1-1F65DCB51F10}"
EndProject
Project("{FAE04EC0-301F-11D3-BF4B-00C04F79EFBC}") = "TravelManagement.Test", "TravelManagement.Test\TravelManagement.Test.csproj", "{3C057AA6-7CC1-406A-AD2E-8E5891289FD8}"
EndProject
Global
	GlobalSection(SolutionConfigurationPlatforms) = preSolution
		Debug|Any CPU = Debug|Any CPU
		Debug|x64 = Debug|x64
		Debug|x86 = Debug|x86
		Release|Any CPU = Release|Any CPU
		Release|x64 = Release|x64
		Release|x86 = Release|x86
	EndGlobalSection
	GlobalSection(SolutionProperties) = preSolution
		HideSolutionNode = FALSE
	EndGlobalSection
	GlobalSection(ProjectConfigurationPlatforms) = postSolution
		{0A76D0D6-2786-46CF-AD1F-411488363D5E}.Debug|Any CPU.ActiveCfg = Debug|Any CPU
		{0A76D0D6-2786-46CF-AD1F-411488363D5E}.Debug|Any CPU.Build.0 = Debug|Any CPU
		{0A76D0D6-2786-46CF-AD1F-411488363D5E}.Debug|x64.ActiveCfg = Debug|Any CPU
		{0A76D0D6-2786-46CF-AD1F-411488363D5E}.Debug|x64.Build.0 = Debug|Any CPU
		{0A76D0D6-2786-46CF-AD1F-411488363D5E}.Debug|x86.ActiveCfg = Debug|Any CPU
		{0A76D0D6-2786-46CF-AD1F-411488363D5E}.Debug|x86.Build.0 = Debug|Any CPU
		{0A76D0D6-2786-46CF-AD1F-411488363D5E}.Release|Any CPU.ActiveCfg = Release|Any CPU
		{0A76D0D6-2786-46CF-AD1F-411488363D5E}.Release|Any CPU.Build.0 = Release|Any CPU
		{0A76D0D6-2786-46CF-AD1F-411488363D5E}.Release|x64.ActiveCfg = Release|Any CPU
		{0A76D0D6-2786-46CF-AD1F-411488363D5E}.Release|x64.Build.0 = Release|Any CPU
		{0A76D0D6-2786-46CF-AD1F-411488363D5E}.Release|x86.ActiveCfg = Release|Any CPU
		{0A76D0D6-2786-46CF-AD1F-411488363D5E}.Release|x86.Build.0 = Release|Any CPU
		{305BDCC2-E5D3-4B58-B5B1-1F65DCB51F10}.Debug|Any CPU.ActiveCfg = Debug|Any CPU
		{305BDCC2-E5D3-4B58-B5B1-1F65DCB51F10}.Debug|Any CPU.Build.0 = Debug|Any CPU
		{305BDCC2-E5D3-4B58-B5B1-1F65DCB51F10}.Debug|x64.ActiveCfg = Debug|Any CPU
		{305BDCC2-E5D3-4B58-B5B1-1F65DCB51F10}.Debug|x64.Build.0 = Debug|Any CPU
		{305BDCC2-E5D3-4B58-B5B1-1F65DCB51F10}.Debug|x86.ActiveCfg = Debug|Any CPU
		{305BDCC2-E5D3-4B58-B5B1-1F65DCB51F10}.Debug|x86.Build.0 = Debug|Any CPU
		{305BDCC2-E5D3-4B58-B5B1-1F65DCB51F10}.Release|Any CPU.ActiveCfg = Release|Any CPU
		{305BDCC2-E5D3-4B58-B5B1-1F65DCB51F10}.Release|Any CPU.Build.0 = Release|Any CPU
		{305BDCC2-E5D3-4B58-B5B1-1F65DCB51F10}.Release|x64.ActiveCfg = Release|Any CPU
		{305BDCC2-E5D3-4B58-B5B1-1F65DCB51F10}.Release|x64.Build.0 = Release|Any CPU
		{305BDCC2-E5D3-4B58-B5B1-1F65DCB51F10}.Release|x86.ActiveCfg = Release|Any CPU
		{305BDCC2-E5D3-4B58-B5B1-1F65DCB51F10}.Release|x86.Build.0 = Release|Any CPU
		{3C057AA6-7CC1-406A-AD2E-8E5891289FD8}.Debug|Any CPU.ActiveCfg = Debug|Any CPU
		{3C057AA6-7CC1-406A-AD2E-8E5891289FD8}.Debug|Any CPU.Build.0 = Debug|Any CPU
		{3C057AA6-7CC1-406A-AD2E-8E5891289FD8}.Debug|x64.ActiveCfg = Debug|Any CPU
		{3C057AA6-7CC1-406A-AD2E-8E5891289FD8}.Debug|x64.Build.0 = Debug|Any CPU
		{3C057AA6-7CC1-406A-AD2E-8E5891289FD8}.Debug|x86.ActiveCfg = Debug|Any CPU
		{3C057AA6-7CC1-406A-AD2E-8E5891289FD8}.Debug|x86.Build.0 = Debug|Any CPU
		{3C057AA6-7CC1-406A-AD2E-8E5891289FD8}.Release|Any CPU.ActiveCfg = Release|Any CPU
		{3C057AA6-7CC1-406A-AD2E-8E5891289FD8}.Release|Any CPU.Build.0 = Release|Any CPU
		{3C057AA6-7CC1-406A-AD2E-8E5891289FD8}.Release|x64.ActiveCfg = Release|Any CPU
		{3C057AA6-7CC1-406A-AD2E-8E5891289FD8}.Release|x64.Build.0 = Release|Any CPU
		{3C057AA6-7CC1-406A-AD2E-8E5891289FD8}.Release|x86.ActiveCfg = Release|Any CPU
		{3C057AA6-7CC1-406A-AD2E-8E5891289FD8}.Release|x86.Build.0 = Release|Any CPU
	EndGlobalSection
EndGlobal
